
Microsoft Visual Studio Solution File, Format Version 12.00
# Visual Studio 2013
VisualStudioVersion = 12.0.31101.0
MinimumVisualStudioVersion = 10.0.40219.1
Project("{FAE04EC0-301F-11D3-BF4B-00C04F79EFBC}") = "2015-07-07-LandCostCalculatorLab", "2015-07-07-LandCostCalculatorLab\2015-07-07-LandCostCalculatorLab.csproj", "{FD89EF6B-63DA-459D-AF4A-32B46E1F4A55}"
EndProject
Global
	GlobalSection(SolutionConfigurationPlatforms) = preSolution
		Debug|Any CPU = Debug|Any CPU
		Release|Any CPU = Release|Any CPU
	EndGlobalSection
	GlobalSection(ProjectConfigurationPlatforms) = postSolution
		{FD89EF6B-63DA-459D-AF4A-32B46E1F4A55}.Debug|Any CPU.ActiveCfg = Debug|Any CPU
		{FD89EF6B-63DA-459D-AF4A-32B46E1F4A55}.Debug|Any CPU.Build.0 = Debug|Any CPU
		{FD89EF6B-63DA-459D-AF4A-32B46E1F4A55}.Release|Any CPU.ActiveCfg = Release|Any CPU
		{FD89EF6B-63DA-459D-AF4A-32B46E1F4A55}.Release|Any CPU.Build.0 = Release|Any CPU
	EndGlobalSection
	GlobalSection(SolutionProperties) = preSolution
		HideSolutionNode = FALSE
	EndGlobalSection
EndGlobal
